// !$*UTF8*$!
{
	archiveVersion = 1;
	classes = {
	};
	objectVersion = 46;
	objects = {

/* Begin PBXBuildFile section */
		173E97F71C48A3D7003E675D /* AppDelegate.swift in Sources */ = {isa = PBXBuildFile; fileRef = 173E97F61C48A3D7003E675D /* AppDelegate.swift */; };
		173E97F91C48A3D7003E675D /* ViewController.swift in Sources */ = {isa = PBXBuildFile; fileRef = 173E97F81C48A3D7003E675D /* ViewController.swift */; };
		173E97FC1C48A3D7003E675D /* Main.storyboard in Resources */ = {isa = PBXBuildFile; fileRef = 173E97FA1C48A3D7003E675D /* Main.storyboard */; };
		173E97FE1C48A3D7003E675D /* Assets.xcassets in Resources */ = {isa = PBXBuildFile; fileRef = 173E97FD1C48A3D7003E675D /* Assets.xcassets */; };
		173E98011C48A3D7003E675D /* LaunchScreen.storyboard in Resources */ = {isa = PBXBuildFile; fileRef = 173E97FF1C48A3D7003E675D /* LaunchScreen.storyboard */; };
/* End PBXBuildFile section */

/* Begin PBXFileReference section */
		173E97F31C48A3D7003E675D /* refresh.app */ = {isa = PBXFileReference; explicitFileType = wrapper.application; includeInIndex = 0; path = refresh.app; sourceTree = BUILT_PRODUCTS_DIR; };
		173E97F61C48A3D7003E675D /* AppDelegate.swift */ = {isa = PBXFileReference; lastKnownFileType = sourcecode.swift; path = AppDelegate.swift; sourceTree = "<group>"; };
		173E97F81C48A3D7003E675D /* ViewController.swift */ = {isa = PBXFileReference; lastKnownFileType = sourcecode.swift; path = ViewController.swift; sourceTree = "<group>"; };
		173E97FB1C48A3D7003E675D /* Base */ = {isa = PBXFileReference; lastKnownFileType = file.storyboard; name = Base; path = Base.lproj/Main.storyboard; sourceTree = "<group>"; };
		173E97FD1C48A3D7003E675D /* Assets.xcassets */ = {isa = PBXFileReference; lastKnownFileType = folder.assetcatalog; path = Assets.xcassets; sourceTree = "<group>"; };
		173E98001C48A3D7003E675D /* Base */ = {isa = PBXFileReference; lastKnownFileType = file.storyboard; name = Base; path = Base.lproj/LaunchScreen.storyboard; sourceTree = "<group>"; };
		173E98021C48A3D7003E675D /* Info.plist */ = {isa = PBXFileReference; lastKnownFileType = text.plist.xml; path = Info.plist; sourceTree = "<group>"; };
/* End PBXFileReference section */

/* Begin PBXFrameworksBuildPhase section */
		173E97F01C48A3D7003E675D /* Frameworks */ = {
			isa = PBXFrameworksBuildPhase;
			buildActionMask = 2147483647;
			files = (
			);
			runOnlyForDeploymentPostprocessing = 0;
		};
/* End PBXFrameworksBuildPhase section */

/* Begin PBXGroup section */
		173E97EA1C48A3D7003E675D = {
			isa = PBXGroup;
			children = (
				173E97F51C48A3D7003E675D /* refresh */,
				173E97F41C48A3D7003E675D /* Products */,
			);
			sourceTree = "<group>";
		};
		173E97F41C48A3D7003E675D /* Products */ = {
			isa = PBXGroup;
			children = (
				173E97F31C48A3D7003E675D /* refresh.app */,
			);
			name = Products;
			sourceTree = "<group>";
		};
		173E97F51C48A3D7003E675D /* refresh */ = {
			isa = PBXGroup;
			children = (
				173E97F61C48A3D7003E675D /* AppDelegate.swift */,
				173E97F81C48A3D7003E675D /* ViewController.swift */,
				173E97FA1C48A3D7003E675D /* Main.storyboard */,
				173E97FD1C48A3D7003E675D /* Assets.xcassets */,
				173E97FF1C48A3D7003E675D /* LaunchScreen.storyboard */,
				173E98021C48A3D7003E675D /* Info.plist */,
			);
			path = refresh;
			sourceTree = "<group>";
		};
/* End PBXGroup section */

/* Begin PBXNativeTarget section */
		173E97F21C48A3D7003E675D /* refresh */ = {
			isa = PBXNativeTarget;
			buildConfigurationList = 173E98051C48A3D7003E675D /* Build configuration list for PBXNativeTarget "refresh" */;
			buildPhases = (
				173E97EF1C48A3D7003E675D /* Sources */,
				173E97F01C48A3D7003E675D /* Frameworks */,
				173E97F11C48A3D7003E675D /* Resources */,
			);
			buildRules = (
			);
			dependencies = (
			);
			name = refresh;
			productName = refresh;
			productReference = 173E97F31C48A3D7003E675D /* refresh.app */;
			productType = "com.apple.product-type.application";
		};
/* End PBXNativeTarget section */

/* Begin PBXProject section */
		173E97EB1C48A3D7003E675D /* Project object */ = {
			isa = PBXProject;
			attributes = {
				LastSwiftUpdateCheck = 0710;
				LastUpgradeCheck = 0710;
				ORGANIZATIONNAME = refresh;
				TargetAttributes = {
					173E97F21C48A3D7003E675D = {
						CreatedOnToolsVersion = 7.1;
					};
				};
			};
			buildConfigurationList = 173E97EE1C48A3D7003E675D /* Build configuration list for PBXProject "refresh" */;
			compatibilityVersion = "Xcode 3.2";
			developmentRegion = English;
			hasScannedForEncodings = 0;
			knownRegions = (
				en,
				Base,
			);
			mainGroup = 173E97EA1C48A3D7003E675D;
			productRefGroup = 173E97F41C48A3D7003E675D /* Products */;
			projectDirPath = "";
			projectRoot = "";
			targets = (
				173E97F21C48A3D7003E675D /* refresh */,
			);
		};
/* End PBXProject section */

/* Begin PBXResourcesBuildPhase section */
		173E97F11C48A3D7003E675D /* Resources */ = {
			isa = PBXResourcesBuildPhase;
			buildActionMask = 2147483647;
			files = (
				173E98011C48A3D7003E675D /* LaunchScreen.storyboard in Resources */,
				173E97FE1C48A3D7003E675D /* Assets.xcassets in Resources */,
				173E97FC1C48A3D7003E675D /* Main.storyboard in Resources */,
			);
			runOnlyForDeploymentPostprocessing = 0;
		};
/* End PBXResourcesBuildPhase section */

/* Begin PBXSourcesBuildPhase section */
		173E97EF1C48A3D7003E675D /* Sources */ = {
			isa = PBXSourcesBuildPhase;
			buildActionMask = 2147483647;
			files = (
				173E97F91C48A3D7003E675D /* ViewController.swift in Sources */,
				173E97F71C48A3D7003E675D /* AppDelegate.swift in Sources */,
			);
			runOnlyForDeploymentPostprocessing = 0;
		};
/* End PBXSourcesBuildPhase section */

/* Begin PBXVariantGroup section */
		173E97FA1C48A3D7003E675D /* Main.storyboard */ = {
			isa = PBXVariantGroup;
			children = (
				173E97FB1C48A3D7003E675D /* Base */,
			);
			name = Main.storyboard;
			sourceTree = "<group>";
		};
		173E97FF1C48A3D7003E675D /* LaunchScreen.storyboard */ = {
			isa = PBXVariantGroup;
			children = (
				173E98001C48A3D7003E675D /* Base */,
			);
			name = LaunchScreen.storyboard;
			sourceTree = "<group>";
		};
/* End PBXVariantGroup section */

/* Begin XCBuildConfiguration section */
		173E98031C48A3D7003E675D /* Debug */ = {
			isa = XCBuildConfiguration;
			buildSettings = {
				ALWAYS_SEARCH_USER_PATHS = NO;
				CLANG_CXX_LANGUAGE_STANDARD = "gnu++0x";
				CLANG_CXX_LIBRARY = "libc++";
				CLANG_ENABLE_MODULES = YES;
				CLANG_ENABLE_OBJC_ARC = YES;
				CLANG_WARN_BOOL_CONVERSION = YES;
				CLANG_WARN_CONSTANT_CONVERSION = YES;
				CLANG_WARN_DIRECT_OBJC_ISA_USAGE = YES_ERROR;
				CLANG_WARN_EMPTY_BODY = YES;
				CLANG_WARN_ENUM_CONVERSION = YES;
				CLANG_WARN_INT_CONVERSION = YES;
				CLANG_WARN_OBJC_ROOT_CLASS = YES_ERROR;
				CLANG_WARN_UNREACHABLE_CODE = YES;
				CLANG_WARN__DUPLICATE_METHOD_MATCH = YES;
				"CODE_SIGN_IDENTITY[sdk=iphoneos*]" = "iPhone Developer";
				COPY_PHASE_STRIP = NO;
				DEBUG_INFORMATION_FORMAT = dwarf;
				ENABLE_STRICT_OBJC_MSGSEND = YES;
				ENABLE_TESTABILITY = YES;
				GCC_C_LANGUAGE_STANDARD = gnu99;
				GCC_DYNAMIC_NO_PIC = NO;
				GCC_NO_COMMON_BLOCKS = YES;
				GCC_OPTIMIZATION_LEVEL = 0;
				GCC_PREPROCESSOR_DEFINITIONS = (
					"DEBUG=1",
					"$(inherited)",
				);
				GCC_WARN_64_TO_32_BIT_CONVERSION = YES;
				GCC_WARN_ABOUT_RETURN_TYPE = YES_ERROR;
				GCC_WARN_UNDECLARED_SELECTOR = YES;
				GCC_WARN_UNINITIALIZED_AUTOS = YES_AGGRESSIVE;
				GCC_WARN_UNUSED_FUNCTION = YES;
				GCC_WARN_UNUSED_VARIABLE = YES;
				IPHONEOS_DEPLOYMENT_TARGET = 9.1;
				MTL_ENABLE_DEBUG_INFO = YES;
				ONLY_ACTIVE_ARCH = YES;
				SDKROOT = iphoneos;
				SWIFT_OPTIMIZATION_LEVEL = "-Onone";
			};
			name = Debug;
		};
		173E98041C48A3D7003E675D /* Release */ = {
			isa = XCBuildConfiguration;
			buildSettings = {
				ALWAYS_SEARCH_USER_PATHS = NO;
				CLANG_CXX_LANGUAGE_STANDARD = "gnu++0x";
				CLANG_CXX_LIBRARY = "libc++";
				CLANG_ENABLE_MODULES = YES;
				CLANG_ENABLE_OBJC_ARC = YES;
				CLANG_WARN_BOOL_CONVERSION = YES;
				CLANG_WARN_CONSTANT_CONVERSION = YES;
				CLANG_WARN_DIRECT_OBJC_ISA_USAGE = YES_ERROR;
				CLANG_WARN_EMPTY_BODY = YES;
				CLANG_WARN_ENUM_CONVERSION = YES;
				CLANG_WARN_INT_CONVERSION = YES;
				CLANG_WARN_OBJC_ROOT_CLASS = YES_ERROR;
				CLANG_WARN_UNREACHABLE_CODE = YES;
				CLANG_WARN__DUPLICATE_METHOD_MATCH = YES;
				"CODE_SIGN_IDENTITY[sdk=iphoneos*]" = "iPhone Developer";
				COPY_PHASE_STRIP = NO;
				DEBUG_INFORMATION_FORMAT = "dwarf-with-dsym";
				ENABLE_NS_ASSERTIONS = NO;
				ENABLE_STRICT_OBJC_MSGSEND = YES;
				GCC_C_LANGUAGE_STANDARD = gnu99;
				GCC_NO_COMMON_BLOCKS = YES;
				GCC_WARN_64_TO_32_BIT_CONVERSION = YES;
				GCC_WARN_ABOUT_RETURN_TYPE = YES_ERROR;
				GCC_WARN_UNDECLARED_SELECTOR = YES;
				GCC_WARN_UNINITIALIZED_AUTOS = YES_AGGRESSIVE;
				GCC_WARN_UNUSED_FUNCTION = YES;
				GCC_WARN_UNUSED_VARIABLE = YES;
				IPHONEOS_DEPLOYMENT_TARGET = 9.1;
				MTL_ENABLE_DEBUG_INFO = NO;
				SDKROOT = iphoneos;
				VALIDATE_PRODUCT = YES;
			};
			name = Release;
		};
		173E98061C48A3D7003E675D /* Debug */ = {
			isa = XCBuildConfiguration;
			buildSettings = {
				ASSETCATALOG_COMPILER_APPICON_NAME = AppIcon;
				INFOPLIST_FILE = refresh/Info.plist;
				LD_RUNPATH_SEARCH_PATHS = "$(inherited) @executable_path/Frameworks";
				PRODUCT_BUNDLE_IDENTIFIER = com.Hkkj.refresh;
				PRODUCT_NAME = "$(TARGET_NAME)";
			};
			name = Debug;
		};
		173E98071C48A3D7003E675D /* Release */ = {
			isa = XCBuildConfiguration;
			buildSettings = {
				ASSETCATALOG_COMPILER_APPICON_NAME = AppIcon;
				INFOPLIST_FILE = refresh/Info.plist;
				LD_RUNPATH_SEARCH_PATHS = "$(inherited) @executable_path/Frameworks";
				PRODUCT_BUNDLE_IDENTIFIER = com.Hkkj.refresh;
				PRODUCT_NAME = "$(TARGET_NAME)";
			};
			name = Release;
		};
/* End XCBuildConfiguration section */

/* Begin XCConfigurationList section */
		173E97EE1C48A3D7003E675D /* Build configuration list for PBXProject "refresh" */ = {
			isa = XCConfigurationList;
			buildConfigurations = (
				173E98031C48A3D7003E675D /* Debug */,
				173E98041C48A3D7003E675D /* Release */,
			);
			defaultConfigurationIsVisible = 0;
			defaultConfigurationName = Release;
		};
		173E98051C48A3D7003E675D /* Build configuration list for PBXNativeTarget "refresh" */ = {
			isa = XCConfigurationList;
			buildConfigurations = (
				173E98061C48A3D7003E675D /* Debug */,
				173E98071C48A3D7003E675D /* Release */,
			);
			defaultConfigurationIsVisible = 0;
		};
/* End XCConfigurationList section */
	};
	rootObject = 173E97EB1C48A3D7003E675D /* Project object */;
}
